// !$*UTF8*$!
{
	archiveVersion = 1;
	classes = {
	};
	objectVersion = 56;
	objects = {

/* Begin PBXBuildFile section */
		2F0D3AA92C15AC9200A8AE3A /* Day5.swift in Sources */ = {isa = PBXBuildFile; fileRef = 2F0D3AA82C15AC9200A8AE3A /* Day5.swift */; };
		2F0D3AAD2C15AE1500A8AE3A /* BodyPageDayView.swift in Sources */ = {isa = PBXBuildFile; fileRef = 2F0D3AAC2C15AE1500A8AE3A /* BodyPageDayView.swift */; };
		2FF7E3A92C12F08100F737C0 /* Day4.swift in Sources */ = {isa = PBXBuildFile; fileRef = 2FF7E3A82C12F08100F737C0 /* Day4.swift */; };
		B607EADF2BA5D7DA002CA333 /* Day3.swift in Sources */ = {isa = PBXBuildFile; fileRef = B607EADE2BA5D7DA002CA333 /* Day3.swift */; };
		B6567F4E2B9DBD84005D4C30 /* Learn30DaysOfSwiftUIApp.swift in Sources */ = {isa = PBXBuildFile; fileRef = B6567F4D2B9DBD84005D4C30 /* Learn30DaysOfSwiftUIApp.swift */; };
		B6567F502B9DBD84005D4C30 /* ContentView.swift in Sources */ = {isa = PBXBuildFile; fileRef = B6567F4F2B9DBD84005D4C30 /* ContentView.swift */; };
		B6567F522B9DBD87005D4C30 /* Assets.xcassets in Resources */ = {isa = PBXBuildFile; fileRef = B6567F512B9DBD87005D4C30 /* Assets.xcassets */; };
		B6567F562B9DBD87005D4C30 /* Preview Assets.xcassets in Resources */ = {isa = PBXBuildFile; fileRef = B6567F552B9DBD87005D4C30 /* Preview Assets.xcassets */; };
		B6567F602B9DBD87005D4C30 /* Learn30DaysOfSwiftUITests.swift in Sources */ = {isa = PBXBuildFile; fileRef = B6567F5F2B9DBD87005D4C30 /* Learn30DaysOfSwiftUITests.swift */; };
		B6567F6A2B9DBD87005D4C30 /* Learn30DaysOfSwiftUIUITests.swift in Sources */ = {isa = PBXBuildFile; fileRef = B6567F692B9DBD87005D4C30 /* Learn30DaysOfSwiftUIUITests.swift */; };
		B6567F6C2B9DBD87005D4C30 /* Learn30DaysOfSwiftUIUITestsLaunchTests.swift in Sources */ = {isa = PBXBuildFile; fileRef = B6567F6B2B9DBD87005D4C30 /* Learn30DaysOfSwiftUIUITestsLaunchTests.swift */; };
		B6F4F2422B9EE4BA00144823 /* day1.swift in Sources */ = {isa = PBXBuildFile; fileRef = B6F4F2412B9EE4BA00144823 /* day1.swift */; };
		B6F4F2442B9EEA3900144823 /* day2.swift in Sources */ = {isa = PBXBuildFile; fileRef = B6F4F2432B9EEA3900144823 /* day2.swift */; };
		B6F4F2462B9F087C00144823 /* CodeSnippetView.swift in Sources */ = {isa = PBXBuildFile; fileRef = B6F4F2452B9F087B00144823 /* CodeSnippetView.swift */; };
/* End PBXBuildFile section */

/* Begin PBXContainerItemProxy section */
		B6567F5C2B9DBD87005D4C30 /* PBXContainerItemProxy */ = {
			isa = PBXContainerItemProxy;
			containerPortal = B6567F422B9DBD84005D4C30 /* Project object */;
			proxyType = 1;
			remoteGlobalIDString = B6567F492B9DBD84005D4C30;
			remoteInfo = Learn30DaysOfSwiftUI;
		};
		B6567F662B9DBD87005D4C30 /* PBXContainerItemProxy */ = {
			isa = PBXContainerItemProxy;
			containerPortal = B6567F422B9DBD84005D4C30 /* Project object */;
			proxyType = 1;
			remoteGlobalIDString = B6567F492B9DBD84005D4C30;
			remoteInfo = Learn30DaysOfSwiftUI;
		};
/* End PBXContainerItemProxy section */

/* Begin PBXFileReference section */
		2F0D3AA82C15AC9200A8AE3A /* Day5.swift */ = {isa = PBXFileReference; lastKnownFileType = sourcecode.swift; path = Day5.swift; sourceTree = "<group>"; };
		2F0D3AAC2C15AE1500A8AE3A /* BodyPageDayView.swift */ = {isa = PBXFileReference; lastKnownFileType = sourcecode.swift; path = BodyPageDayView.swift; sourceTree = "<group>"; };
		2FF7E3A82C12F08100F737C0 /* Day4.swift */ = {isa = PBXFileReference; lastKnownFileType = sourcecode.swift; path = Day4.swift; sourceTree = "<group>"; };
		B607EADE2BA5D7DA002CA333 /* Day3.swift */ = {isa = PBXFileReference; lastKnownFileType = sourcecode.swift; path = Day3.swift; sourceTree = "<group>"; };
		B6567F4A2B9DBD84005D4C30 /* Learn30DaysOfSwiftUI.app */ = {isa = PBXFileReference; explicitFileType = wrapper.application; includeInIndex = 0; path = Learn30DaysOfSwiftUI.app; sourceTree = BUILT_PRODUCTS_DIR; };
		B6567F4D2B9DBD84005D4C30 /* Learn30DaysOfSwiftUIApp.swift */ = {isa = PBXFileReference; lastKnownFileType = sourcecode.swift; path = Learn30DaysOfSwiftUIApp.swift; sourceTree = "<group>"; };
		B6567F4F2B9DBD84005D4C30 /* ContentView.swift */ = {isa = PBXFileReference; lastKnownFileType = sourcecode.swift; path = ContentView.swift; sourceTree = "<group>"; };
		B6567F512B9DBD87005D4C30 /* Assets.xcassets */ = {isa = PBXFileReference; lastKnownFileType = folder.assetcatalog; path = Assets.xcassets; sourceTree = "<group>"; };
		B6567F532B9DBD87005D4C30 /* Learn30DaysOfSwiftUI.entitlements */ = {isa = PBXFileReference; lastKnownFileType = text.plist.entitlements; path = Learn30DaysOfSwiftUI.entitlements; sourceTree = "<group>"; };
		B6567F552B9DBD87005D4C30 /* Preview Assets.xcassets */ = {isa = PBXFileReference; lastKnownFileType = folder.assetcatalog; path = "Preview Assets.xcassets"; sourceTree = "<group>"; };
		B6567F5B2B9DBD87005D4C30 /* Learn30DaysOfSwiftUITests.xctest */ = {isa = PBXFileReference; explicitFileType = wrapper.cfbundle; includeInIndex = 0; path = Learn30DaysOfSwiftUITests.xctest; sourceTree = BUILT_PRODUCTS_DIR; };
		B6567F5F2B9DBD87005D4C30 /* Learn30DaysOfSwiftUITests.swift */ = {isa = PBXFileReference; lastKnownFileType = sourcecode.swift; path = Learn30DaysOfSwiftUITests.swift; sourceTree = "<group>"; };
		B6567F652B9DBD87005D4C30 /* Learn30DaysOfSwiftUIUITests.xctest */ = {isa = PBXFileReference; explicitFileType = wrapper.cfbundle; includeInIndex = 0; path = Learn30DaysOfSwiftUIUITests.xctest; sourceTree = BUILT_PRODUCTS_DIR; };
		B6567F692B9DBD87005D4C30 /* Learn30DaysOfSwiftUIUITests.swift */ = {isa = PBXFileReference; lastKnownFileType = sourcecode.swift; path = Learn30DaysOfSwiftUIUITests.swift; sourceTree = "<group>"; };
		B6567F6B2B9DBD87005D4C30 /* Learn30DaysOfSwiftUIUITestsLaunchTests.swift */ = {isa = PBXFileReference; lastKnownFileType = sourcecode.swift; path = Learn30DaysOfSwiftUIUITestsLaunchTests.swift; sourceTree = "<group>"; };
		B6F4F2412B9EE4BA00144823 /* day1.swift */ = {isa = PBXFileReference; lastKnownFileType = sourcecode.swift; path = day1.swift; sourceTree = "<group>"; };
		B6F4F2432B9EEA3900144823 /* day2.swift */ = {isa = PBXFileReference; lastKnownFileType = sourcecode.swift; path = day2.swift; sourceTree = "<group>"; };
		B6F4F2452B9F087B00144823 /* CodeSnippetView.swift */ = {isa = PBXFileReference; lastKnownFileType = sourcecode.swift; path = CodeSnippetView.swift; sourceTree = "<group>"; };
/* End PBXFileReference section */

/* Begin PBXFrameworksBuildPhase section */
		B6567F472B9DBD84005D4C30 /* Frameworks */ = {
			isa = PBXFrameworksBuildPhase;
			buildActionMask = 2147483647;
			files = (
			);
			runOnlyForDeploymentPostprocessing = 0;
		};
		B6567F582B9DBD87005D4C30 /* Frameworks */ = {
			isa = PBXFrameworksBuildPhase;
			buildActionMask = 2147483647;
			files = (
			);
			runOnlyForDeploymentPostprocessing = 0;
		};
		B6567F622B9DBD87005D4C30 /* Frameworks */ = {
			isa = PBXFrameworksBuildPhase;
			buildActionMask = 2147483647;
			files = (
			);
			runOnlyForDeploymentPostprocessing = 0;
		};
/* End PBXFrameworksBuildPhase section */

/* Begin PBXGroup section */
		B6567F412B9DBD84005D4C30 = {
			isa = PBXGroup;
			children = (
				B6567F4C2B9DBD84005D4C30 /* Learn30DaysOfSwiftUI */,
				B6567F5E2B9DBD87005D4C30 /* Learn30DaysOfSwiftUITests */,
				B6567F682B9DBD87005D4C30 /* Learn30DaysOfSwiftUIUITests */,
				B6567F4B2B9DBD84005D4C30 /* Products */,
			);
			sourceTree = "<group>";
		};
		B6567F4B2B9DBD84005D4C30 /* Products */ = {
			isa = PBXGroup;
			children = (
				B6567F4A2B9DBD84005D4C30 /* Learn30DaysOfSwiftUI.app */,
				B6567F5B2B9DBD87005D4C30 /* Learn30DaysOfSwiftUITests.xctest */,
				B6567F652B9DBD87005D4C30 /* Learn30DaysOfSwiftUIUITests.xctest */,
			);
			name = Products;
			sourceTree = "<group>";
		};
		B6567F4C2B9DBD84005D4C30 /* Learn30DaysOfSwiftUI */ = {
			isa = PBXGroup;
			children = (
				B6567F4D2B9DBD84005D4C30 /* Learn30DaysOfSwiftUIApp.swift */,
				B6567F4F2B9DBD84005D4C30 /* ContentView.swift */,
				B6F4F2412B9EE4BA00144823 /* day1.swift */,
				B6F4F2452B9F087B00144823 /* CodeSnippetView.swift */,
				B6F4F2432B9EEA3900144823 /* day2.swift */,
				B607EADE2BA5D7DA002CA333 /* Day3.swift */,
				B6567F512B9DBD87005D4C30 /* Assets.xcassets */,
				B6567F532B9DBD87005D4C30 /* Learn30DaysOfSwiftUI.entitlements */,
				B6567F542B9DBD87005D4C30 /* Preview Content */,
				2FF7E3A82C12F08100F737C0 /* Day4.swift */,
				2F0D3AA82C15AC9200A8AE3A /* Day5.swift */,
				2F0D3AAC2C15AE1500A8AE3A /* BodyPageDayView.swift */,
			);
			path = Learn30DaysOfSwiftUI;
			sourceTree = "<group>";
		};
		B6567F542B9DBD87005D4C30 /* Preview Content */ = {
			isa = PBXGroup;
			children = (
				B6567F552B9DBD87005D4C30 /* Preview Assets.xcassets */,
			);
			path = "Preview Content";
			sourceTree = "<group>";
		};
		B6567F5E2B9DBD87005D4C30 /* Learn30DaysOfSwiftUITests */ = {
			isa = PBXGroup;
			children = (
				B6567F5F2B9DBD87005D4C30 /* Learn30DaysOfSwiftUITests.swift */,
			);
			path = Learn30DaysOfSwiftUITests;
			sourceTree = "<group>";
		};
		B6567F682B9DBD87005D4C30 /* Learn30DaysOfSwiftUIUITests */ = {
			isa = PBXGroup;
			children = (
				B6567F692B9DBD87005D4C30 /* Learn30DaysOfSwiftUIUITests.swift */,
				B6567F6B2B9DBD87005D4C30 /* Learn30DaysOfSwiftUIUITestsLaunchTests.swift */,
			);
			path = Learn30DaysOfSwiftUIUITests;
			sourceTree = "<group>";
		};
/* End PBXGroup section */

/* Begin PBXNativeTarget section */
		B6567F492B9DBD84005D4C30 /* Learn30DaysOfSwiftUI */ = {
			isa = PBXNativeTarget;
			buildConfigurationList = B6567F6F2B9DBD87005D4C30 /* Build configuration list for PBXNativeTarget "Learn30DaysOfSwiftUI" */;
			buildPhases = (
				B6567F462B9DBD84005D4C30 /* Sources */,
				B6567F472B9DBD84005D4C30 /* Frameworks */,
				B6567F482B9DBD84005D4C30 /* Resources */,
			);
			buildRules = (
			);
			dependencies = (
			);
			name = Learn30DaysOfSwiftUI;
			productName = Learn30DaysOfSwiftUI;
			productReference = B6567F4A2B9DBD84005D4C30 /* Learn30DaysOfSwiftUI.app */;
			productType = "com.apple.product-type.application";
		};
		B6567F5A2B9DBD87005D4C30 /* Learn30DaysOfSwiftUITests */ = {
			isa = PBXNativeTarget;
			buildConfigurationList = B6567F722B9DBD87005D4C30 /* Build configuration list for PBXNativeTarget "Learn30DaysOfSwiftUITests" */;
			buildPhases = (
				B6567F572B9DBD87005D4C30 /* Sources */,
				B6567F582B9DBD87005D4C30 /* Frameworks */,
				B6567F592B9DBD87005D4C30 /* Resources */,
			);
			buildRules = (
			);
			dependencies = (
				B6567F5D2B9DBD87005D4C30 /* PBXTargetDependency */,
			);
			name = Learn30DaysOfSwiftUITests;
			productName = Learn30DaysOfSwiftUITests;
			productReference = B6567F5B2B9DBD87005D4C30 /* Learn30DaysOfSwiftUITests.xctest */;
			productType = "com.apple.product-type.bundle.unit-test";
		};
		B6567F642B9DBD87005D4C30 /* Learn30DaysOfSwiftUIUITests */ = {
			isa = PBXNativeTarget;
			buildConfigurationList = B6567F752B9DBD87005D4C30 /* Build configuration list for PBXNativeTarget "Learn30DaysOfSwiftUIUITests" */;
			buildPhases = (
				B6567F612B9DBD87005D4C30 /* Sources */,
				B6567F622B9DBD87005D4C30 /* Frameworks */,
				B6567F632B9DBD87005D4C30 /* Resources */,
			);
			buildRules = (
			);
			dependencies = (
				B6567F672B9DBD87005D4C30 /* PBXTargetDependency */,
			);
			name = Learn30DaysOfSwiftUIUITests;
			productName = Learn30DaysOfSwiftUIUITests;
			productReference = B6567F652B9DBD87005D4C30 /* Learn30DaysOfSwiftUIUITests.xctest */;
			productType = "com.apple.product-type.bundle.ui-testing";
		};
/* End PBXNativeTarget section */

/* Begin PBXProject section */
		B6567F422B9DBD84005D4C30 /* Project object */ = {
			isa = PBXProject;
			attributes = {
				BuildIndependentTargetsInParallel = 1;
				LastSwiftUpdateCheck = 1520;
				LastUpgradeCheck = 1520;
				TargetAttributes = {
					B6567F492B9DBD84005D4C30 = {
						CreatedOnToolsVersion = 15.2;
					};
					B6567F5A2B9DBD87005D4C30 = {
						CreatedOnToolsVersion = 15.2;
						TestTargetID = B6567F492B9DBD84005D4C30;
					};
					B6567F642B9DBD87005D4C30 = {
						CreatedOnToolsVersion = 15.2;
						TestTargetID = B6567F492B9DBD84005D4C30;
					};
				};
			};
			buildConfigurationList = B6567F452B9DBD84005D4C30 /* Build configuration list for PBXProject "Learn30DaysOfSwiftUI" */;
			compatibilityVersion = "Xcode 14.0";
			developmentRegion = en;
			hasScannedForEncodings = 0;
			knownRegions = (
				en,
				Base,
			);
			mainGroup = B6567F412B9DBD84005D4C30;
			productRefGroup = B6567F4B2B9DBD84005D4C30 /* Products */;
			projectDirPath = "";
			projectRoot = "";
			targets = (
				B6567F492B9DBD84005D4C30 /* Learn30DaysOfSwiftUI */,
				B6567F5A2B9DBD87005D4C30 /* Learn30DaysOfSwiftUITests */,
				B6567F642B9DBD87005D4C30 /* Learn30DaysOfSwiftUIUITests */,
			);
		};
/* End PBXProject section */

/* Begin PBXResourcesBuildPhase section */
		B6567F482B9DBD84005D4C30 /* Resources */ = {
			isa = PBXResourcesBuildPhase;
			buildActionMask = 2147483647;
			files = (
				B6567F562B9DBD87005D4C30 /* Preview Assets.xcassets in Resources */,
				B6567F522B9DBD87005D4C30 /* Assets.xcassets in Resources */,
			);
			runOnlyForDeploymentPostprocessing = 0;
		};
		B6567F592B9DBD87005D4C30 /* Resources */ = {
			isa = PBXResourcesBuildPhase;
			buildActionMask = 2147483647;
			files = (
			);
			runOnlyForDeploymentPostprocessing = 0;
		};
		B6567F632B9DBD87005D4C30 /* Resources */ = {
			isa = PBXResourcesBuildPhase;
			buildActionMask = 2147483647;
			files = (
			);
			runOnlyForDeploymentPostprocessing = 0;
		};
/* End PBXResourcesBuildPhase section */

/* Begin PBXSourcesBuildPhase section */
		B6567F462B9DBD84005D4C30 /* Sources */ = {
			isa = PBXSourcesBuildPhase;
			buildActionMask = 2147483647;
			files = (
				2F0D3AA92C15AC9200A8AE3A /* Day5.swift in Sources */,
				B6567F502B9DBD84005D4C30 /* ContentView.swift in Sources */,
				B6F4F2442B9EEA3900144823 /* day2.swift in Sources */,
				B6F4F2462B9F087C00144823 /* CodeSnippetView.swift in Sources */,
				B6F4F2422B9EE4BA00144823 /* day1.swift in Sources */,
				2F0D3AAD2C15AE1500A8AE3A /* BodyPageDayView.swift in Sources */,
				2FF7E3A92C12F08100F737C0 /* Day4.swift in Sources */,
				B607EADF2BA5D7DA002CA333 /* Day3.swift in Sources */,
				B6567F4E2B9DBD84005D4C30 /* Learn30DaysOfSwiftUIApp.swift in Sources */,
			);
			runOnlyForDeploymentPostprocessing = 0;
		};
		B6567F572B9DBD87005D4C30 /* Sources */ = {
			isa = PBXSourcesBuildPhase;
			buildActionMask = 2147483647;
			files = (
				B6567F602B9DBD87005D4C30 /* Learn30DaysOfSwiftUITests.swift in Sources */,
			);
			runOnlyForDeploymentPostprocessing = 0;
		};
		B6567F612B9DBD87005D4C30 /* Sources */ = {
			isa = PBXSourcesBuildPhase;
			buildActionMask = 2147483647;
			files = (
				B6567F6C2B9DBD87005D4C30 /* Learn30DaysOfSwiftUIUITestsLaunchTests.swift in Sources */,
				B6567F6A2B9DBD87005D4C30 /* Learn30DaysOfSwiftUIUITests.swift in Sources */,
			);
			runOnlyForDeploymentPostprocessing = 0;
		};
/* End PBXSourcesBuildPhase section */

/* Begin PBXTargetDependency section */
		B6567F5D2B9DBD87005D4C30 /* PBXTargetDependency */ = {
			isa = PBXTargetDependency;
			target = B6567F492B9DBD84005D4C30 /* Learn30DaysOfSwiftUI */;
			targetProxy = B6567F5C2B9DBD87005D4C30 /* PBXContainerItemProxy */;
		};
		B6567F672B9DBD87005D4C30 /* PBXTargetDependency */ = {
			isa = PBXTargetDependency;
			target = B6567F492B9DBD84005D4C30 /* Learn30DaysOfSwiftUI */;
			targetProxy = B6567F662B9DBD87005D4C30 /* PBXContainerItemProxy */;
		};
/* End PBXTargetDependency section */

/* Begin XCBuildConfiguration section */
		B6567F6D2B9DBD87005D4C30 /* Debug */ = {
			isa = XCBuildConfiguration;
			buildSettings = {
				ALWAYS_SEARCH_USER_PATHS = NO;
				ASSETCATALOG_COMPILER_GENERATE_SWIFT_ASSET_SYMBOL_EXTENSIONS = YES;
				CLANG_ANALYZER_NONNULL = YES;
				CLANG_ANALYZER_NUMBER_OBJECT_CONVERSION = YES_AGGRESSIVE;
				CLANG_CXX_LANGUAGE_STANDARD = "gnu++20";
				CLANG_ENABLE_MODULES = YES;
				CLANG_ENABLE_OBJC_ARC = YES;
				CLANG_ENABLE_OBJC_WEAK = YES;
				CLANG_WARN_BLOCK_CAPTURE_AUTORELEASING = YES;
				CLANG_WARN_BOOL_CONVERSION = YES;
				CLANG_WARN_COMMA = YES;
				CLANG_WARN_CONSTANT_CONVERSION = YES;
				CLANG_WARN_DEPRECATED_OBJC_IMPLEMENTATIONS = YES;
				CLANG_WARN_DIRECT_OBJC_ISA_USAGE = YES_ERROR;
				CLANG_WARN_DOCUMENTATION_COMMENTS = YES;
				CLANG_WARN_EMPTY_BODY = YES;
				CLANG_WARN_ENUM_CONVERSION = YES;
				CLANG_WARN_INFINITE_RECURSION = YES;
				CLANG_WARN_INT_CONVERSION = YES;
				CLANG_WARN_NON_LITERAL_NULL_CONVERSION = YES;
				CLANG_WARN_OBJC_IMPLICIT_RETAIN_SELF = YES;
				CLANG_WARN_OBJC_LITERAL_CONVERSION = YES;
				CLANG_WARN_OBJC_ROOT_CLASS = YES_ERROR;
				CLANG_WARN_QUOTED_INCLUDE_IN_FRAMEWORK_HEADER = YES;
				CLANG_WARN_RANGE_LOOP_ANALYSIS = YES;
				CLANG_WARN_STRICT_PROTOTYPES = YES;
				CLANG_WARN_SUSPICIOUS_MOVE = YES;
				CLANG_WARN_UNGUARDED_AVAILABILITY = YES_AGGRESSIVE;
				CLANG_WARN_UNREACHABLE_CODE = YES;
				CLANG_WARN__DUPLICATE_METHOD_MATCH = YES;
				COPY_PHASE_STRIP = NO;
				DEBUG_INFORMATION_FORMAT = dwarf;
				ENABLE_STRICT_OBJC_MSGSEND = YES;
				ENABLE_TESTABILITY = YES;
				ENABLE_USER_SCRIPT_SANDBOXING = YES;
				GCC_C_LANGUAGE_STANDARD = gnu17;
				GCC_DYNAMIC_NO_PIC = NO;
				GCC_NO_COMMON_BLOCKS = YES;
				GCC_OPTIMIZATION_LEVEL = 0;
				GCC_PREPROCESSOR_DEFINITIONS = (
					"DEBUG=1",
					"$(inherited)",
				);
				GCC_WARN_64_TO_32_BIT_CONVERSION = YES;
				GCC_WARN_ABOUT_RETURN_TYPE = YES_ERROR;
				GCC_WARN_UNDECLARED_SELECTOR = YES;
				GCC_WARN_UNINITIALIZED_AUTOS = YES_AGGRESSIVE;
				GCC_WARN_UNUSED_FUNCTION = YES;
				GCC_WARN_UNUSED_VARIABLE = YES;
				LOCALIZATION_PREFERS_STRING_CATALOGS = YES;
				MTL_ENABLE_DEBUG_INFO = INCLUDE_SOURCE;
				MTL_FAST_MATH = YES;
				ONLY_ACTIVE_ARCH = YES;
				SWIFT_ACTIVE_COMPILATION_CONDITIONS = "DEBUG $(inherited)";
				SWIFT_OPTIMIZATION_LEVEL = "-Onone";
			};
			name = Debug;
		};
		B6567F6E2B9DBD87005D4C30 /* Release */ = {
			isa = XCBuildConfiguration;
			buildSettings = {
				ALWAYS_SEARCH_USER_PATHS = NO;
				ASSETCATALOG_COMPILER_GENERATE_SWIFT_ASSET_SYMBOL_EXTENSIONS = YES;
				CLANG_ANALYZER_NONNULL = YES;
				CLANG_ANALYZER_NUMBER_OBJECT_CONVERSION = YES_AGGRESSIVE;
				CLANG_CXX_LANGUAGE_STANDARD = "gnu++20";
				CLANG_ENABLE_MODULES = YES;
				CLANG_ENABLE_OBJC_ARC = YES;
				CLANG_ENABLE_OBJC_WEAK = YES;
				CLANG_WARN_BLOCK_CAPTURE_AUTORELEASING = YES;
				CLANG_WARN_BOOL_CONVERSION = YES;
				CLANG_WARN_COMMA = YES;
				CLANG_WARN_CONSTANT_CONVERSION = YES;
				CLANG_WARN_DEPRECATED_OBJC_IMPLEMENTATIONS = YES;
				CLANG_WARN_DIRECT_OBJC_ISA_USAGE = YES_ERROR;
				CLANG_WARN_DOCUMENTATION_COMMENTS = YES;
				CLANG_WARN_EMPTY_BODY = YES;
				CLANG_WARN_ENUM_CONVERSION = YES;
				CLANG_WARN_INFINITE_RECURSION = YES;
				CLANG_WARN_INT_CONVERSION = YES;
				CLANG_WARN_NON_LITERAL_NULL_CONVERSION = YES;
				CLANG_WARN_OBJC_IMPLICIT_RETAIN_SELF = YES;
				CLANG_WARN_OBJC_LITERAL_CONVERSION = YES;
				CLANG_WARN_OBJC_ROOT_CLASS = YES_ERROR;
				CLANG_WARN_QUOTED_INCLUDE_IN_FRAMEWORK_HEADER = YES;
				CLANG_WARN_RANGE_LOOP_ANALYSIS = YES;
				CLANG_WARN_STRICT_PROTOTYPES = YES;
				CLANG_WARN_SUSPICIOUS_MOVE = YES;
				CLANG_WARN_UNGUARDED_AVAILABILITY = YES_AGGRESSIVE;
				CLANG_WARN_UNREACHABLE_CODE = YES;
				CLANG_WARN__DUPLICATE_METHOD_MATCH = YES;
				COPY_PHASE_STRIP = NO;
				DEBUG_INFORMATION_FORMAT = "dwarf-with-dsym";
				ENABLE_NS_ASSERTIONS = NO;
				ENABLE_STRICT_OBJC_MSGSEND = YES;
				ENABLE_USER_SCRIPT_SANDBOXING = YES;
				GCC_C_LANGUAGE_STANDARD = gnu17;
				GCC_NO_COMMON_BLOCKS = YES;
				GCC_WARN_64_TO_32_BIT_CONVERSION = YES;
				GCC_WARN_ABOUT_RETURN_TYPE = YES_ERROR;
				GCC_WARN_UNDECLARED_SELECTOR = YES;
				GCC_WARN_UNINITIALIZED_AUTOS = YES_AGGRESSIVE;
				GCC_WARN_UNUSED_FUNCTION = YES;
				GCC_WARN_UNUSED_VARIABLE = YES;
				LOCALIZATION_PREFERS_STRING_CATALOGS = YES;
				MTL_ENABLE_DEBUG_INFO = NO;
				MTL_FAST_MATH = YES;
				SWIFT_COMPILATION_MODE = wholemodule;
			};
			name = Release;
		};
		B6567F702B9DBD87005D4C30 /* Debug */ = {
			isa = XCBuildConfiguration;
			buildSettings = {
				ASSETCATALOG_COMPILER_APPICON_NAME = AppIcon;
				ASSETCATALOG_COMPILER_GLOBAL_ACCENT_COLOR_NAME = AccentColor;
				CODE_SIGN_ENTITLEMENTS = Learn30DaysOfSwiftUI/Learn30DaysOfSwiftUI.entitlements;
				CODE_SIGN_STYLE = Automatic;
				CURRENT_PROJECT_VERSION = 1;
				DEVELOPMENT_ASSET_PATHS = "\"Learn30DaysOfSwiftUI/Preview Content\"";
				ENABLE_PREVIEWS = YES;
				GENERATE_INFOPLIST_FILE = YES;
				"INFOPLIST_KEY_UIApplicationSceneManifest_Generation[sdk=iphoneos*]" = YES;
				"INFOPLIST_KEY_UIApplicationSceneManifest_Generation[sdk=iphonesimulator*]" = YES;
				"INFOPLIST_KEY_UIApplicationSupportsIndirectInputEvents[sdk=iphoneos*]" = YES;
				"INFOPLIST_KEY_UIApplicationSupportsIndirectInputEvents[sdk=iphonesimulator*]" = YES;
				"INFOPLIST_KEY_UILaunchScreen_Generation[sdk=iphoneos*]" = YES;
				"INFOPLIST_KEY_UILaunchScreen_Generation[sdk=iphonesimulator*]" = YES;
				"INFOPLIST_KEY_UIStatusBarStyle[sdk=iphoneos*]" = UIStatusBarStyleDefault;
				"INFOPLIST_KEY_UIStatusBarStyle[sdk=iphonesimulator*]" = UIStatusBarStyleDefault;
				INFOPLIST_KEY_UISupportedInterfaceOrientations_iPad = "UIInterfaceOrientationPortrait UIInterfaceOrientationPortraitUpsideDown UIInterfaceOrientationLandscapeLeft UIInterfaceOrientationLandscapeRight";
				INFOPLIST_KEY_UISupportedInterfaceOrientations_iPhone = "UIInterfaceOrientationPortrait UIInterfaceOrientationLandscapeLeft UIInterfaceOrientationLandscapeRight";
				IPHONEOS_DEPLOYMENT_TARGET = 17.2;
				LD_RUNPATH_SEARCH_PATHS = "@executable_path/Frameworks";
				"LD_RUNPATH_SEARCH_PATHS[sdk=macosx*]" = "@executable_path/../Frameworks";
				MACOSX_DEPLOYMENT_TARGET = 14.2;
				MARKETING_VERSION = 1.0;
				PRODUCT_BUNDLE_IDENTIFIER = com.hutomo.Learn30DaysOfSwiftUI;
				PRODUCT_NAME = "$(TARGET_NAME)";
				SDKROOT = auto;
				SUPPORTED_PLATFORMS = "iphoneos iphonesimulator macosx";
				SWIFT_EMIT_LOC_STRINGS = YES;
				SWIFT_VERSION = 5.0;
				TARGETED_DEVICE_FAMILY = "1,2";
			};
			name = Debug;
		};
		B6567F712B9DBD87005D4C30 /* Release */ = {
			isa = XCBuildConfiguration;
			buildSettings = {
				ASSETCATALOG_COMPILER_APPICON_NAME = AppIcon;
				ASSETCATALOG_COMPILER_GLOBAL_ACCENT_COLOR_NAME = AccentColor;
				CODE_SIGN_ENTITLEMENTS = Learn30DaysOfSwiftUI/Learn30DaysOfSwiftUI.entitlements;
				CODE_SIGN_STYLE = Automatic;
				CURRENT_PROJECT_VERSION = 1;
				DEVELOPMENT_ASSET_PATHS = "\"Learn30DaysOfSwiftUI/Preview Content\"";
				ENABLE_PREVIEWS = YES;
				GENERATE_INFOPLIST_FILE = YES;
				"INFOPLIST_KEY_UIApplicationSceneManifest_Generation[sdk=iphoneos*]" = YES;
				"INFOPLIST_KEY_UIApplicationSceneManifest_Generation[sdk=iphonesimulator*]" = YES;
				"INFOPLIST_KEY_UIApplicationSupportsIndirectInputEvents[sdk=iphoneos*]" = YES;
				"INFOPLIST_KEY_UIApplicationSupportsIndirectInputEvents[sdk=iphonesimulator*]" = YES;
				"INFOPLIST_KEY_UILaunchScreen_Generation[sdk=iphoneos*]" = YES;
				"INFOPLIST_KEY_UILaunchScreen_Generation[sdk=iphonesimulator*]" = YES;
				"INFOPLIST_KEY_UIStatusBarStyle[sdk=iphoneos*]" = UIStatusBarStyleDefault;
				"INFOPLIST_KEY_UIStatusBarStyle[sdk=iphonesimulator*]" = UIStatusBarStyleDefault;
				INFOPLIST_KEY_UISupportedInterfaceOrientations_iPad = "UIInterfaceOrientationPortrait UIInterfaceOrientationPortraitUpsideDown UIInterfaceOrientationLandscapeLeft UIInterfaceOrientationLandscapeRight";
				INFOPLIST_KEY_UISupportedInterfaceOrientations_iPhone = "UIInterfaceOrientationPortrait UIInterfaceOrientationLandscapeLeft UIInterfaceOrientationLandscapeRight";
				IPHONEOS_DEPLOYMENT_TARGET = 17.2;
				LD_RUNPATH_SEARCH_PATHS = "@executable_path/Frameworks";
				"LD_RUNPATH_SEARCH_PATHS[sdk=macosx*]" = "@executable_path/../Frameworks";
				MACOSX_DEPLOYMENT_TARGET = 14.2;
				MARKETING_VERSION = 1.0;
				PRODUCT_BUNDLE_IDENTIFIER = com.hutomo.Learn30DaysOfSwiftUI;
				PRODUCT_NAME = "$(TARGET_NAME)";
				SDKROOT = auto;
				SUPPORTED_PLATFORMS = "iphoneos iphonesimulator macosx";
				SWIFT_EMIT_LOC_STRINGS = YES;
				SWIFT_VERSION = 5.0;
				TARGETED_DEVICE_FAMILY = "1,2";
			};
			name = Release;
		};
		B6567F732B9DBD87005D4C30 /* Debug */ = {
			isa = XCBuildConfiguration;
			buildSettings = {
				ALWAYS_EMBED_SWIFT_STANDARD_LIBRARIES = YES;
				BUNDLE_LOADER = "$(TEST_HOST)";
				CODE_SIGN_STYLE = Automatic;
				CURRENT_PROJECT_VERSION = 1;
				GENERATE_INFOPLIST_FILE = YES;
				IPHONEOS_DEPLOYMENT_TARGET = 17.2;
				MACOSX_DEPLOYMENT_TARGET = 14.2;
				MARKETING_VERSION = 1.0;
				PRODUCT_BUNDLE_IDENTIFIER = com.hutomo.Learn30DaysOfSwiftUITests;
				PRODUCT_NAME = "$(TARGET_NAME)";
				SDKROOT = auto;
				SUPPORTED_PLATFORMS = "iphoneos iphonesimulator macosx";
				SWIFT_EMIT_LOC_STRINGS = NO;
				SWIFT_VERSION = 5.0;
				TARGETED_DEVICE_FAMILY = "1,2";
				TEST_HOST = "$(BUILT_PRODUCTS_DIR)/Learn30DaysOfSwiftUI.app/$(BUNDLE_EXECUTABLE_FOLDER_PATH)/Learn30DaysOfSwiftUI";
			};
			name = Debug;
		};
		B6567F742B9DBD87005D4C30 /* Release */ = {
			isa = XCBuildConfiguration;
			buildSettings = {
				ALWAYS_EMBED_SWIFT_STANDARD_LIBRARIES = YES;
				BUNDLE_LOADER = "$(TEST_HOST)";
				CODE_SIGN_STYLE = Automatic;
				CURRENT_PROJECT_VERSION = 1;
				GENERATE_INFOPLIST_FILE = YES;
				IPHONEOS_DEPLOYMENT_TARGET = 17.2;
				MACOSX_DEPLOYMENT_TARGET = 14.2;
				MARKETING_VERSION = 1.0;
				PRODUCT_BUNDLE_IDENTIFIER = com.hutomo.Learn30DaysOfSwiftUITests;
				PRODUCT_NAME = "$(TARGET_NAME)";
				SDKROOT = auto;
				SUPPORTED_PLATFORMS = "iphoneos iphonesimulator macosx";
				SWIFT_EMIT_LOC_STRINGS = NO;
				SWIFT_VERSION = 5.0;
				TARGETED_DEVICE_FAMILY = "1,2";
				TEST_HOST = "$(BUILT_PRODUCTS_DIR)/Learn30DaysOfSwiftUI.app/$(BUNDLE_EXECUTABLE_FOLDER_PATH)/Learn30DaysOfSwiftUI";
			};
			name = Release;
		};
		B6567F762B9DBD87005D4C30 /* Debug */ = {
			isa = XCBuildConfiguration;
			buildSettings = {
				ALWAYS_EMBED_SWIFT_STANDARD_LIBRARIES = YES;
				CODE_SIGN_STYLE = Automatic;
				CURRENT_PROJECT_VERSION = 1;
				GENERATE_INFOPLIST_FILE = YES;
				IPHONEOS_DEPLOYMENT_TARGET = 17.2;
				MACOSX_DEPLOYMENT_TARGET = 14.2;
				MARKETING_VERSION = 1.0;
				PRODUCT_BUNDLE_IDENTIFIER = com.hutomo.Learn30DaysOfSwiftUIUITests;
				PRODUCT_NAME = "$(TARGET_NAME)";
				SDKROOT = auto;
				SUPPORTED_PLATFORMS = "iphoneos iphonesimulator macosx";
				SWIFT_EMIT_LOC_STRINGS = NO;
				SWIFT_VERSION = 5.0;
				TARGETED_DEVICE_FAMILY = "1,2";
				TEST_TARGET_NAME = Learn30DaysOfSwiftUI;
			};
			name = Debug;
		};
		B6567F772B9DBD87005D4C30 /* Release */ = {
			isa = XCBuildConfiguration;
			buildSettings = {
				ALWAYS_EMBED_SWIFT_STANDARD_LIBRARIES = YES;
				CODE_SIGN_STYLE = Automatic;
				CURRENT_PROJECT_VERSION = 1;
				GENERATE_INFOPLIST_FILE = YES;
				IPHONEOS_DEPLOYMENT_TARGET = 17.2;
				MACOSX_DEPLOYMENT_TARGET = 14.2;
				MARKETING_VERSION = 1.0;
				PRODUCT_BUNDLE_IDENTIFIER = com.hutomo.Learn30DaysOfSwiftUIUITests;
				PRODUCT_NAME = "$(TARGET_NAME)";
				SDKROOT = auto;
				SUPPORTED_PLATFORMS = "iphoneos iphonesimulator macosx";
				SWIFT_EMIT_LOC_STRINGS = NO;
				SWIFT_VERSION = 5.0;
				TARGETED_DEVICE_FAMILY = "1,2";
				TEST_TARGET_NAME = Learn30DaysOfSwiftUI;
			};
			name = Release;
		};
/* End XCBuildConfiguration section */

/* Begin XCConfigurationList section */
		B6567F452B9DBD84005D4C30 /* Build configuration list for PBXProject "Learn30DaysOfSwiftUI" */ = {
			isa = XCConfigurationList;
			buildConfigurations = (
				B6567F6D2B9DBD87005D4C30 /* Debug */,
				B6567F6E2B9DBD87005D4C30 /* Release */,
			);
			defaultConfigurationIsVisible = 0;
			defaultConfigurationName = Release;
		};
		B6567F6F2B9DBD87005D4C30 /* Build configuration list for PBXNativeTarget "Learn30DaysOfSwiftUI" */ = {
			isa = XCConfigurationList;
			buildConfigurations = (
				B6567F702B9DBD87005D4C30 /* Debug */,
				B6567F712B9DBD87005D4C30 /* Release */,
			);
			defaultConfigurationIsVisible = 0;
			defaultConfigurationName = Release;
		};
		B6567F722B9DBD87005D4C30 /* Build configuration list for PBXNativeTarget "Learn30DaysOfSwiftUITests" */ = {
			isa = XCConfigurationList;
			buildConfigurations = (
				B6567F732B9DBD87005D4C30 /* Debug */,
				B6567F742B9DBD87005D4C30 /* Release */,
			);
			defaultConfigurationIsVisible = 0;
			defaultConfigurationName = Release;
		};
		B6567F752B9DBD87005D4C30 /* Build configuration list for PBXNativeTarget "Learn30DaysOfSwiftUIUITests" */ = {
			isa = XCConfigurationList;
			buildConfigurations = (
				B6567F762B9DBD87005D4C30 /* Debug */,
				B6567F772B9DBD87005D4C30 /* Release */,
			);
			defaultConfigurationIsVisible = 0;
			defaultConfigurationName = Release;
		};
/* End XCConfigurationList section */
	};
	rootObject = B6567F422B9DBD84005D4C30 /* Project object */;
}
